{
  "version": 4,
  "terraform_version": "1.1.7",
  "serial": 66,
  "lineage": "73a7eb31-f7d8-23d5-da17-43ca74781682",
  "outputs": {},
  "resources": [
    {
      "mode": "managed",
      "type": "yandex_resourcemanager_folder",
      "name": "ansible-folder",
      "provider": "provider[\"terraform-registry.storage.yandexcloud.net/yandex-cloud/yandex\"]",
      "instances": [
        {
          "schema_version": 0,
          "attributes": {
            "cloud_id": "b1g8mq58h421raomnd64",
            "created_at": "2022-05-14T04:56:12Z",
            "description": "Test folder for Ansible project",
            "id": "b1gm42gptdc0ufrn3eag",
            "labels": {},
            "name": "ansible-default-folder",
            "timeouts": null
          },
          "sensitive_attributes": [],
          "private": "eyJlMmJmYjczMC1lY2FhLTExZTYtOGY4OC0zNDM2M2JjN2M0YzAiOnsiY3JlYXRlIjo2MDAwMDAwMDAwMCwiZGVsZXRlIjoxODAwMDAwMDAwMDAwLCJyZWFkIjo2MDAwMDAwMDAwMCwidXBkYXRlIjo2MDAwMDAwMDAwMH19"
        }
      ]
    },
    {
      "mode": "managed",
      "type": "yandex_vpc_network",
      "name": "ansible-network",
      "provider": "provider[\"terraform-registry.storage.yandexcloud.net/yandex-cloud/yandex\"]",
      "instances": [
        {
          "schema_version": 0,
          "attributes": {
            "created_at": "2022-05-14T04:56:13Z",
            "default_security_group_id": "",
            "description": "Ansible network",
            "folder_id": "b1gm42gptdc0ufrn3eag",
            "id": "enpfdu560apu30b163oj",
            "labels": {},
            "name": "ansible-network",
            "subnet_ids": [
              "e9b17ovgi2iql6tp88sm"
            ],
            "timeouts": null
          },
          "sensitive_attributes": [],
          "private": "eyJlMmJmYjczMC1lY2FhLTExZTYtOGY4OC0zNDM2M2JjN2M0YzAiOnsiY3JlYXRlIjo2MDAwMDAwMDAwMCwiZGVsZXRlIjo2MDAwMDAwMDAwMCwidXBkYXRlIjo2MDAwMDAwMDAwMH19",
          "dependencies": [
            "yandex_resourcemanager_folder.ansible-folder"
          ]
        }
      ]
    },
    {
      "mode": "managed",
      "type": "yandex_vpc_subnet",
      "name": "ansible-subnet",
      "provider": "provider[\"terraform-registry.storage.yandexcloud.net/yandex-cloud/yandex\"]",
      "instances": [
        {
          "schema_version": 0,
          "attributes": {
            "created_at": "2022-05-14T04:56:14Z",
            "description": "Ansible subnet 0",
            "dhcp_options": [],
            "folder_id": "b1gm42gptdc0ufrn3eag",
            "id": "e9b17ovgi2iql6tp88sm",
            "labels": {},
            "name": "ansible-subnet-0",
            "network_id": "enpfdu560apu30b163oj",
            "route_table_id": "",
            "timeouts": null,
            "v4_cidr_blocks": [
              "10.100.0.0/24"
            ],
            "v6_cidr_blocks": [],
            "zone": "ru-central1-a"
          },
          "sensitive_attributes": [],
          "private": "eyJlMmJmYjczMC1lY2FhLTExZTYtOGY4OC0zNDM2M2JjN2M0YzAiOnsiY3JlYXRlIjoxODAwMDAwMDAwMDAsImRlbGV0ZSI6MTgwMDAwMDAwMDAwLCJ1cGRhdGUiOjE4MDAwMDAwMDAwMH19",
          "dependencies": [
            "yandex_resourcemanager_folder.ansible-folder",
            "yandex_vpc_network.ansible-network"
          ]
        }
      ]
    },
    {
      "module": "module.vm-test-count[\"clickhouse\"]",
      "mode": "data",
      "type": "yandex_compute_image",
      "name": "image",
      "provider": "provider[\"terraform-registry.storage.yandexcloud.net/yandex-cloud/yandex\"]",
      "instances": [
        {
          "schema_version": 0,
          "attributes": {
            "created_at": "2022-03-14T10:40:32Z",
            "description": "centos 7",
            "family": "centos-7",
            "folder_id": "standard-images",
            "id": "fd8v9fc454c44fr6lngi",
            "image_id": "fd8v9fc454c44fr6lngi",
            "labels": {},
            "min_disk_size": 10,
            "name": "centos-7-v20220314",
            "os_type": "linux",
            "pooled": true,
            "product_ids": [
              "f2esd9f5o5i9p7pkkk8k"
            ],
            "size": 1,
            "status": "ready"
          },
          "sensitive_attributes": []
        }
      ]
    },
    {
      "module": "module.vm-test-count[\"clickhouse\"]",
      "mode": "managed",
      "type": "yandex_compute_instance",
      "name": "instance",
      "provider": "provider[\"terraform-registry.storage.yandexcloud.net/yandex-cloud/yandex\"]",
      "instances": [
        {
          "index_key": 0,
          "schema_version": 1,
          "attributes": {
            "allow_stopping_for_update": true,
            "boot_disk": [
              {
                "auto_delete": true,
                "device_name": "fhmceou21h95a3lbnj9n",
                "disk_id": "fhmceou21h95a3lbnj9n",
                "initialize_params": [
                  {
                    "block_size": 4096,
                    "description": "",
                    "image_id": "fd8v9fc454c44fr6lngi",
                    "name": "",
                    "size": 20,
                    "snapshot_id": "",
                    "type": "network-hdd"
                  }
                ],
                "mode": "READ_WRITE"
              }
            ],
            "created_at": "2022-05-14T13:21:38Z",
            "description": "",
            "folder_id": "b1gm42gptdc0ufrn3eag",
            "fqdn": "vm-clickhouse-1.ru-central1.internal",
            "hostname": "vm-clickhouse-1",
            "id": "fhmq7uhrshj8v2tj4ior",
            "labels": null,
            "metadata": {
              "ssh-keys": "centos:ssh-rsa AAAAB3NzaC1yc2EAAAADAQABAAABgQDQGKZruKRiEIqvbBBWD2CXhbDpfzgbCMf04U3uDlAmEDFCj2e2XGVetL35c/DoBDae2K+WLI3/4y0K7Y6JF33C60b7Mrf6KegJXcPZwZ5FiBPpCXcxKv7DCA0XK0SNFdfyM+fKBKaL6metY6jtcPOFFVIpYt8LbOASiLIYXPP/Ey/QS1KtAnqh088fnIMUD80oACChSM7R55CUT0sNkdJuEktNjB+Cvlj0OQd6Vqx4gAlnYJI/qmtiT7h9LzFEE87MQA21uM6EG+6FisS7cD0hUlXOZSqZwKtgrmETUnpk0CxBrro1CDpFycpl8SFxe6Ml2NSmztDUZiAhbxcGH8L+T+mJMv9xGDVwFdiGBKw5H+G8YZkIRp81Q52Yi5bC31eKyUXkQCdMmS7ldZFyeoSzisW3byZm5EDB9tHeJ/07K3p5nSN7A14JQk81fr8SoKO4leVzGlQ9sRB4uMQCf0LM4XPh3Ka8CcIRpsQk0D5rwq6ergjvmcqTfK71HTwmDt0= oleg@oleg-office\n"
            },
            "name": "vm-clickhouse-1",
            "network_acceleration_type": "standard",
            "network_interface": [
              {
                "dns_record": [],
                "index": 0,
                "ip_address": "10.100.0.33",
                "ipv4": true,
                "ipv6": false,
                "ipv6_address": "",
                "ipv6_dns_record": [],
                "mac_address": "d0:0d:1a:3f:a3:be",
                "nat": true,
                "nat_dns_record": [],
                "nat_ip_address": "51.250.70.147",
                "nat_ip_version": "IPV4",
                "security_group_ids": [],
                "subnet_id": "e9b17ovgi2iql6tp88sm"
              }
            ],
            "placement_policy": [
              {
                "placement_group_id": ""
              }
            ],
            "platform_id": "standard-v1",
            "resources": [
              {
                "core_fraction": 20,
                "cores": 2,
                "gpus": 0,
                "memory": 2
              }
            ],
            "scheduling_policy": [
              {
                "preemptible": false
              }
            ],
            "secondary_disk": [],
            "service_account_id": "",
            "status": "running",
            "timeouts": null,
            "zone": "ru-central1-a"
          },
          "sensitive_attributes": [],
          "private": "eyJlMmJmYjczMC1lY2FhLTExZTYtOGY4OC0zNDM2M2JjN2M0YzAiOnsiY3JlYXRlIjozMDAwMDAwMDAwMDAsImRlbGV0ZSI6MzAwMDAwMDAwMDAwLCJ1cGRhdGUiOjMwMDAwMDAwMDAwMH0sInNjaGVtYV92ZXJzaW9uIjoiMSJ9",
          "dependencies": [
            "module.vm-test-count.data.yandex_compute_image.image",
            "yandex_resourcemanager_folder.ansible-folder",
            "yandex_vpc_subnet.ansible-subnet"
          ]
        }
      ]
    },
    {
      "module": "module.vm-test-count[\"lighthouse\"]",
      "mode": "data",
      "type": "yandex_compute_image",
      "name": "image",
      "provider": "provider[\"terraform-registry.storage.yandexcloud.net/yandex-cloud/yandex\"]",
      "instances": [
        {
          "schema_version": 0,
          "attributes": {
            "created_at": "2022-03-14T10:40:32Z",
            "description": "centos 7",
            "family": "centos-7",
            "folder_id": "standard-images",
            "id": "fd8v9fc454c44fr6lngi",
            "image_id": "fd8v9fc454c44fr6lngi",
            "labels": {},
            "min_disk_size": 10,
            "name": "centos-7-v20220314",
            "os_type": "linux",
            "pooled": true,
            "product_ids": [
              "f2esd9f5o5i9p7pkkk8k"
            ],
            "size": 1,
            "status": "ready"
          },
          "sensitive_attributes": []
        }
      ]
    },
    {
      "module": "module.vm-test-count[\"lighthouse\"]",
      "mode": "managed",
      "type": "yandex_compute_instance",
      "name": "instance",
      "provider": "provider[\"terraform-registry.storage.yandexcloud.net/yandex-cloud/yandex\"]",
      "instances": [
        {
          "index_key": 0,
          "schema_version": 1,
          "attributes": {
            "allow_stopping_for_update": true,
            "boot_disk": [
              {
                "auto_delete": true,
                "device_name": "fhmdc8fa5fugjuf1n65p",
                "disk_id": "fhmdc8fa5fugjuf1n65p",
                "initialize_params": [
                  {
                    "block_size": 4096,
                    "description": "",
                    "image_id": "fd8v9fc454c44fr6lngi",
                    "name": "",
                    "size": 20,
                    "snapshot_id": "",
                    "type": "network-hdd"
                  }
                ],
                "mode": "READ_WRITE"
              }
            ],
            "created_at": "2022-05-14T13:21:37Z",
            "description": "",
            "folder_id": "b1gm42gptdc0ufrn3eag",
            "fqdn": "vm-lighthouse-1.ru-central1.internal",
            "hostname": "vm-lighthouse-1",
            "id": "fhmchvkc57jfvaci5vkp",
            "labels": null,
            "metadata": {
              "ssh-keys": "centos:ssh-rsa AAAAB3NzaC1yc2EAAAADAQABAAABgQDQGKZruKRiEIqvbBBWD2CXhbDpfzgbCMf04U3uDlAmEDFCj2e2XGVetL35c/DoBDae2K+WLI3/4y0K7Y6JF33C60b7Mrf6KegJXcPZwZ5FiBPpCXcxKv7DCA0XK0SNFdfyM+fKBKaL6metY6jtcPOFFVIpYt8LbOASiLIYXPP/Ey/QS1KtAnqh088fnIMUD80oACChSM7R55CUT0sNkdJuEktNjB+Cvlj0OQd6Vqx4gAlnYJI/qmtiT7h9LzFEE87MQA21uM6EG+6FisS7cD0hUlXOZSqZwKtgrmETUnpk0CxBrro1CDpFycpl8SFxe6Ml2NSmztDUZiAhbxcGH8L+T+mJMv9xGDVwFdiGBKw5H+G8YZkIRp81Q52Yi5bC31eKyUXkQCdMmS7ldZFyeoSzisW3byZm5EDB9tHeJ/07K3p5nSN7A14JQk81fr8SoKO4leVzGlQ9sRB4uMQCf0LM4XPh3Ka8CcIRpsQk0D5rwq6ergjvmcqTfK71HTwmDt0= oleg@oleg-office\n"
            },
            "name": "vm-lighthouse-1",
            "network_acceleration_type": "standard",
            "network_interface": [
              {
                "dns_record": [],
                "index": 0,
                "ip_address": "10.100.0.6",
                "ipv4": true,
                "ipv6": false,
                "ipv6_address": "",
                "ipv6_dns_record": [],
                "mac_address": "d0:0d:c8:fe:8c:29",
                "nat": true,
                "nat_dns_record": [],
                "nat_ip_address": "51.250.89.67",
                "nat_ip_version": "IPV4",
                "security_group_ids": [],
                "subnet_id": "e9b17ovgi2iql6tp88sm"
              }
            ],
            "placement_policy": [
              {
                "placement_group_id": ""
              }
            ],
            "platform_id": "standard-v1",
            "resources": [
              {
                "core_fraction": 20,
                "cores": 2,
                "gpus": 0,
                "memory": 2
              }
            ],
            "scheduling_policy": [
              {
                "preemptible": false
              }
            ],
            "secondary_disk": [],
            "service_account_id": "",
            "status": "running",
            "timeouts": null,
            "zone": "ru-central1-a"
          },
          "sensitive_attributes": [],
          "private": "eyJlMmJmYjczMC1lY2FhLTExZTYtOGY4OC0zNDM2M2JjN2M0YzAiOnsiY3JlYXRlIjozMDAwMDAwMDAwMDAsImRlbGV0ZSI6MzAwMDAwMDAwMDAwLCJ1cGRhdGUiOjMwMDAwMDAwMDAwMH0sInNjaGVtYV92ZXJzaW9uIjoiMSJ9",
          "dependencies": [
            "module.vm-test-count.data.yandex_compute_image.image",
            "yandex_resourcemanager_folder.ansible-folder",
            "yandex_vpc_subnet.ansible-subnet"
          ]
        }
      ]
    },
    {
      "module": "module.vm-test-count[\"vector\"]",
      "mode": "data",
      "type": "yandex_compute_image",
      "name": "image",
      "provider": "provider[\"terraform-registry.storage.yandexcloud.net/yandex-cloud/yandex\"]",
      "instances": [
        {
          "schema_version": 0,
          "attributes": {
            "created_at": "2022-03-14T10:40:32Z",
            "description": "centos 7",
            "family": "centos-7",
            "folder_id": "standard-images",
            "id": "fd8v9fc454c44fr6lngi",
            "image_id": "fd8v9fc454c44fr6lngi",
            "labels": {},
            "min_disk_size": 10,
            "name": "centos-7-v20220314",
            "os_type": "linux",
            "pooled": true,
            "product_ids": [
              "f2esd9f5o5i9p7pkkk8k"
            ],
            "size": 1,
            "status": "ready"
          },
          "sensitive_attributes": []
        }
      ]
    },
    {
      "module": "module.vm-test-count[\"vector\"]",
      "mode": "managed",
      "type": "yandex_compute_instance",
      "name": "instance",
      "provider": "provider[\"terraform-registry.storage.yandexcloud.net/yandex-cloud/yandex\"]",
      "instances": [
        {
          "index_key": 0,
          "schema_version": 1,
          "attributes": {
            "allow_stopping_for_update": true,
            "boot_disk": [
              {
                "auto_delete": true,
                "device_name": "fhm96mql8kcb7b8fgmc4",
                "disk_id": "fhm96mql8kcb7b8fgmc4",
                "initialize_params": [
                  {
                    "block_size": 4096,
                    "description": "",
                    "image_id": "fd8v9fc454c44fr6lngi",
                    "name": "",
                    "size": 20,
                    "snapshot_id": "",
                    "type": "network-hdd"
                  }
                ],
                "mode": "READ_WRITE"
              }
            ],
            "created_at": "2022-05-14T13:21:37Z",
            "description": "",
            "folder_id": "b1gm42gptdc0ufrn3eag",
            "fqdn": "vm-vector-1.ru-central1.internal",
            "hostname": "vm-vector-1",
            "id": "fhmnjs0jhu205egg9g0g",
            "labels": null,
            "metadata": {
              "ssh-keys": "centos:ssh-rsa AAAAB3NzaC1yc2EAAAADAQABAAABgQDQGKZruKRiEIqvbBBWD2CXhbDpfzgbCMf04U3uDlAmEDFCj2e2XGVetL35c/DoBDae2K+WLI3/4y0K7Y6JF33C60b7Mrf6KegJXcPZwZ5FiBPpCXcxKv7DCA0XK0SNFdfyM+fKBKaL6metY6jtcPOFFVIpYt8LbOASiLIYXPP/Ey/QS1KtAnqh088fnIMUD80oACChSM7R55CUT0sNkdJuEktNjB+Cvlj0OQd6Vqx4gAlnYJI/qmtiT7h9LzFEE87MQA21uM6EG+6FisS7cD0hUlXOZSqZwKtgrmETUnpk0CxBrro1CDpFycpl8SFxe6Ml2NSmztDUZiAhbxcGH8L+T+mJMv9xGDVwFdiGBKw5H+G8YZkIRp81Q52Yi5bC31eKyUXkQCdMmS7ldZFyeoSzisW3byZm5EDB9tHeJ/07K3p5nSN7A14JQk81fr8SoKO4leVzGlQ9sRB4uMQCf0LM4XPh3Ka8CcIRpsQk0D5rwq6ergjvmcqTfK71HTwmDt0= oleg@oleg-office\n"
            },
            "name": "vm-vector-1",
            "network_acceleration_type": "standard",
            "network_interface": [
              {
                "dns_record": [],
                "index": 0,
                "ip_address": "10.100.0.19",
                "ipv4": true,
                "ipv6": false,
                "ipv6_address": "",
                "ipv6_dns_record": [],
                "mac_address": "d0:0d:17:9f:01:38",
                "nat": true,
                "nat_dns_record": [],
                "nat_ip_address": "51.250.84.26",
                "nat_ip_version": "IPV4",
                "security_group_ids": [],
                "subnet_id": "e9b17ovgi2iql6tp88sm"
              }
            ],
            "placement_policy": [
              {
                "placement_group_id": ""
              }
            ],
            "platform_id": "standard-v1",
            "resources": [
              {
                "core_fraction": 20,
                "cores": 2,
                "gpus": 0,
                "memory": 2
              }
            ],
            "scheduling_policy": [
              {
                "preemptible": false
              }
            ],
            "secondary_disk": [],
            "service_account_id": "",
            "status": "running",
            "timeouts": null,
            "zone": "ru-central1-a"
          },
          "sensitive_attributes": [],
          "private": "eyJlMmJmYjczMC1lY2FhLTExZTYtOGY4OC0zNDM2M2JjN2M0YzAiOnsiY3JlYXRlIjozMDAwMDAwMDAwMDAsImRlbGV0ZSI6MzAwMDAwMDAwMDAwLCJ1cGRhdGUiOjMwMDAwMDAwMDAwMH0sInNjaGVtYV92ZXJzaW9uIjoiMSJ9",
          "dependencies": [
            "module.vm-test-count.data.yandex_compute_image.image",
            "yandex_resourcemanager_folder.ansible-folder",
            "yandex_vpc_subnet.ansible-subnet"
          ]
        }
      ]
    }
  ]
}
